
Microsoft Visual Studio Solution File, Format Version 12.00
# Visual Studio Version 18
VisualStudioVersion = 18.0.11222.15 d18.0
MinimumVisualStudioVersion = 10.0.40219.1
Project("{FAE04EC0-301F-11D3-BF4B-00C04F79EFBC}") = "FNBattleBusBot", "FNMapAndLootPoolBot\FNBattleBusBot.csproj", "{8B915B9B-A05F-464A-AB3A-C67DCD1B026F}"
EndProject
Global
	GlobalSection(SolutionConfigurationPlatforms) = preSolution
		Debug|Any CPU = Debug|Any CPU
		Release|Any CPU = Release|Any CPU
	EndGlobalSection
	GlobalSection(ProjectConfigurationPlatforms) = postSolution
		{8B915B9B-A05F-464A-AB3A-C67DCD1B026F}.Debug|Any CPU.ActiveCfg = Debug|Any CPU
		{8B915B9B-A05F-464A-AB3A-C67DCD1B026F}.Debug|Any CPU.Build.0 = Debug|Any CPU
		{8B915B9B-A05F-464A-AB3A-C67DCD1B026F}.Release|Any CPU.ActiveCfg = Release|Any CPU
		{8B915B9B-A05F-464A-AB3A-C67DCD1B026F}.Release|Any CPU.Build.0 = Release|Any CPU
	EndGlobalSection
	GlobalSection(SolutionProperties) = preSolution
		HideSolutionNode = FALSE
	EndGlobalSection
	GlobalSection(ExtensibilityGlobals) = postSolution
		SolutionGuid = {6037CBF4-0489-4B5D-BC74-B8DDCF5C8D72}
	EndGlobalSection
EndGlobal
